Microsoft Visual Studio Solution File, Format Version 12.00
# Visual Studio Version 17
VisualStudioVersion = 17.13.35806.99
MinimumVisualStudioVersion = 10.0.40219.1
Project("{FAE04EC0-301F-11D3-BF4B-00C04F79EFBC}") = "rhinomcp", "rhinomcp.csproj", "{70E85AA5-1E98-4F4E-B8B5-BAF50E01DCDC}"
EndProject
Global
	GlobalSection(SolutionConfigurationPlatforms) = preSolution
		Debug|Any CPU = Debug|Any CPU
		Release|Any CPU = Release|Any CPU
	EndGlobalSection
	GlobalSection(ProjectConfigurationPlatforms) = postSolution
		{70E85AA5-1E98-4F4E-B8B5-BAF50E01DCDC}.Debug|Any CPU.ActiveCfg = Debug|Any CPU
		{70E85AA5-1E98-4F4E-B8B5-BAF50E01DCDC}.Debug|Any CPU.Build.0 = Debug|Any CPU
		{70E85AA5-1E98-4F4E-B8B5-BAF50E01DCDC}.Release|Any CPU.ActiveCfg = Release|Any CPU
		{70E85AA5-1E98-4F4E-B8B5-BAF50E01DCDC}.Release|Any CPU.Build.0 = Release|Any CPU
	EndGlobalSection
	GlobalSection(SolutionProperties) = preSolution
		HideSolutionNode = FALSE
	EndGlobalSection
	GlobalSection(ExtensibilityGlobals) = postSolution
		SolutionGuid = {E295EC90-4851-4282-8508-910E0B1A29AC}
	EndGlobalSection
EndGlobal
